
Microsoft Visual Studio Solution File, Format Version 12.00
# Visual Studio Version 17
VisualStudioVersion = 17.1.32319.34
MinimumVisualStudioVersion = 10.0.40219.1
Project("{9A19103F-16F7-4668-BE54-9A1E7A4F7556}") = "AutoscalerApi", "AutoscalerApi\AutoscalerApi.csproj", "{066012FA-13F6-48A6-945E-DA4B72B12E1C}"
EndProject
Project("{9A19103F-16F7-4668-BE54-9A1E7A4F7556}") = "WorkflowFunctions", "WorkflowFunctions\WorkflowFunctions.csproj", "{E367E936-7274-48BD-9FA7-3E6698D4D2C5}"
EndProject
Project("{2150E333-8FDC-42A3-9474-1A3956D46DE8}") = "Solution Items", "Solution Items", "{5BACFA97-6325-4FBE-859F-5AC2C4E47428}"
	ProjectSection(SolutionItems) = preProject
		.dockerignore = .dockerignore
		.gitignore = .gitignore
		.github\workflows\BranchBuild.yml = .github\workflows\BranchBuild.yml
		.github\workflows\MultiArchBuild.yml = .github\workflows\MultiArchBuild.yml
		README.md = README.md
		renovate.json = renovate.json
		.github\workflows\WorkflowFunctions.yml = .github\workflows\WorkflowFunctions.yml
	EndProjectSection
EndProject
Project("{9A19103F-16F7-4668-BE54-9A1E7A4F7556}") = "Autoscaler.Api", "src\Autoscaler.Api\Autoscaler.Api.csproj", "{77E22D4E-C5D6-40C0-AAE3-F62A97632DFF}"
EndProject
Project("{9A19103F-16F7-4668-BE54-9A1E7A4F7556}") = "Autoscaler.Worker", "src\Autoscaler.Worker\Autoscaler.Worker.csproj", "{1840A305-5132-4098-980A-394E94D492A5}"
EndProject
Project("{2150E333-8FDC-42A3-9474-1A3956D46DE8}") = "src", "src", "{2D7FA837-3F28-4E77-AFC4-127940E93C73}"
EndProject
Project("{9A19103F-16F7-4668-BE54-9A1E7A4F7556}") = "Autoscaler.Domain", "src\Autoscaler.Domain\Autoscaler.Domain.csproj", "{F59886C2-4BDB-4412-8182-E819449BB031}"
EndProject
Project("{9A19103F-16F7-4668-BE54-9A1E7A4F7556}") = "Autoscaler.Docker", "src\Autoscaler.Docker\Autoscaler.Docker.csproj", "{EBD204C2-3562-4A44-96C1-675EC23ACFF0}"
EndProject
Global
	GlobalSection(SolutionConfigurationPlatforms) = preSolution
		Debug|Any CPU = Debug|Any CPU
		Release|Any CPU = Release|Any CPU
	EndGlobalSection
	GlobalSection(ProjectConfigurationPlatforms) = postSolution
		{066012FA-13F6-48A6-945E-DA4B72B12E1C}.Debug|Any CPU.ActiveCfg = Debug|Any CPU
		{066012FA-13F6-48A6-945E-DA4B72B12E1C}.Debug|Any CPU.Build.0 = Debug|Any CPU
		{066012FA-13F6-48A6-945E-DA4B72B12E1C}.Release|Any CPU.ActiveCfg = Release|Any CPU
		{066012FA-13F6-48A6-945E-DA4B72B12E1C}.Release|Any CPU.Build.0 = Release|Any CPU
		{E367E936-7274-48BD-9FA7-3E6698D4D2C5}.Debug|Any CPU.ActiveCfg = Debug|Any CPU
		{E367E936-7274-48BD-9FA7-3E6698D4D2C5}.Debug|Any CPU.Build.0 = Debug|Any CPU
		{E367E936-7274-48BD-9FA7-3E6698D4D2C5}.Release|Any CPU.ActiveCfg = Release|Any CPU
		{E367E936-7274-48BD-9FA7-3E6698D4D2C5}.Release|Any CPU.Build.0 = Release|Any CPU
		{77E22D4E-C5D6-40C0-AAE3-F62A97632DFF}.Debug|Any CPU.ActiveCfg = Debug|Any CPU
		{77E22D4E-C5D6-40C0-AAE3-F62A97632DFF}.Debug|Any CPU.Build.0 = Debug|Any CPU
		{77E22D4E-C5D6-40C0-AAE3-F62A97632DFF}.Release|Any CPU.ActiveCfg = Release|Any CPU
		{77E22D4E-C5D6-40C0-AAE3-F62A97632DFF}.Release|Any CPU.Build.0 = Release|Any CPU
		{1840A305-5132-4098-980A-394E94D492A5}.Debug|Any CPU.ActiveCfg = Debug|Any CPU
		{1840A305-5132-4098-980A-394E94D492A5}.Debug|Any CPU.Build.0 = Debug|Any CPU
		{1840A305-5132-4098-980A-394E94D492A5}.Release|Any CPU.ActiveCfg = Release|Any CPU
		{1840A305-5132-4098-980A-394E94D492A5}.Release|Any CPU.Build.0 = Release|Any CPU
		{F59886C2-4BDB-4412-8182-E819449BB031}.Debug|Any CPU.ActiveCfg = Debug|Any CPU
		{F59886C2-4BDB-4412-8182-E819449BB031}.Debug|Any CPU.Build.0 = Debug|Any CPU
		{F59886C2-4BDB-4412-8182-E819449BB031}.Release|Any CPU.ActiveCfg = Release|Any CPU
		{F59886C2-4BDB-4412-8182-E819449BB031}.Release|Any CPU.Build.0 = Release|Any CPU
		{EBD204C2-3562-4A44-96C1-675EC23ACFF0}.Debug|Any CPU.ActiveCfg = Debug|Any CPU
		{EBD204C2-3562-4A44-96C1-675EC23ACFF0}.Debug|Any CPU.Build.0 = Debug|Any CPU
		{EBD204C2-3562-4A44-96C1-675EC23ACFF0}.Release|Any CPU.ActiveCfg = Release|Any CPU
		{EBD204C2-3562-4A44-96C1-675EC23ACFF0}.Release|Any CPU.Build.0 = Release|Any CPU
	EndGlobalSection
	GlobalSection(SolutionProperties) = preSolution
		HideSolutionNode = FALSE
	EndGlobalSection
	GlobalSection(NestedProjects) = preSolution
		{77E22D4E-C5D6-40C0-AAE3-F62A97632DFF} = {2D7FA837-3F28-4E77-AFC4-127940E93C73}
		{1840A305-5132-4098-980A-394E94D492A5} = {2D7FA837-3F28-4E77-AFC4-127940E93C73}
		{F59886C2-4BDB-4412-8182-E819449BB031} = {2D7FA837-3F28-4E77-AFC4-127940E93C73}
		{EBD204C2-3562-4A44-96C1-675EC23ACFF0} = {2D7FA837-3F28-4E77-AFC4-127940E93C73}
	EndGlobalSection
	GlobalSection(ExtensibilityGlobals) = postSolution
		SolutionGuid = {D99C66B7-0E98-4B09-B977-6C4D83E168BD}
	EndGlobalSection
EndGlobal
